Microsoft Visual Studio Solution File, Format Version 11.00
# Visual Studio 2008

Project("{A19FEF8C-A65A-1FF7-F246-302318E578E9}") = "PaardenRaceSim", "Assembly-CSharp-firstpass.csproj", "{0C2C165F-BD5B-B9D1-621C-E772AEB2F08C}"
EndProject
Project("{A19FEF8C-A65A-1FF7-F246-302318E578E9}") = "PaardenRaceSim", "Assembly-CSharp.csproj", "{00C7DEA0-8F50-27B2-E19E-A075A8896F22}"
EndProject
Project("{A19FEF8C-A65A-1FF7-F246-302318E578E9}") = "PaardenRaceSim", "Assembly-UnityScript-firstpass.unityproj", "{4CB05185-E2E5-A18B-DF70-405CBE24815D}"
EndProject
Project("{A19FEF8C-A65A-1FF7-F246-302318E578E9}") = "PaardenRaceSim", "Assembly-UnityScript-Editor.unityproj", "{DCC991CF-0045-4D9B-08D2-7CB47639D378}"
EndProject
Global
	GlobalSection(SolutionConfigurationPlatforms) = preSolution
		Debug|Any CPU = Debug|Any CPU
		Release|Any CPU = Release|Any CPU
	EndGlobalSection
	GlobalSection(ProjectConfigurationPlatforms) = postSolution
		{0C2C165F-BD5B-B9D1-621C-E772AEB2F08C}.Debug|Any CPU.ActiveCfg = Debug|Any CPU
		{0C2C165F-BD5B-B9D1-621C-E772AEB2F08C}.Debug|Any CPU.Build.0 = Debug|Any CPU
		{0C2C165F-BD5B-B9D1-621C-E772AEB2F08C}.Release|Any CPU.ActiveCfg = Release|Any CPU
		{0C2C165F-BD5B-B9D1-621C-E772AEB2F08C}.Release|Any CPU.Build.0 = Release|Any CPU
		{00C7DEA0-8F50-27B2-E19E-A075A8896F22}.Debug|Any CPU.ActiveCfg = Debug|Any CPU
		{00C7DEA0-8F50-27B2-E19E-A075A8896F22}.Debug|Any CPU.Build.0 = Debug|Any CPU
		{00C7DEA0-8F50-27B2-E19E-A075A8896F22}.Release|Any CPU.ActiveCfg = Release|Any CPU
		{00C7DEA0-8F50-27B2-E19E-A075A8896F22}.Release|Any CPU.Build.0 = Release|Any CPU
		{4CB05185-E2E5-A18B-DF70-405CBE24815D}.Debug|Any CPU.ActiveCfg = Debug|Any CPU
		{4CB05185-E2E5-A18B-DF70-405CBE24815D}.Debug|Any CPU.Build.0 = Debug|Any CPU
		{4CB05185-E2E5-A18B-DF70-405CBE24815D}.Release|Any CPU.ActiveCfg = Release|Any CPU
		{4CB05185-E2E5-A18B-DF70-405CBE24815D}.Release|Any CPU.Build.0 = Release|Any CPU
		{DCC991CF-0045-4D9B-08D2-7CB47639D378}.Debug|Any CPU.ActiveCfg = Debug|Any CPU
		{DCC991CF-0045-4D9B-08D2-7CB47639D378}.Debug|Any CPU.Build.0 = Debug|Any CPU
		{DCC991CF-0045-4D9B-08D2-7CB47639D378}.Release|Any CPU.ActiveCfg = Release|Any CPU
		{DCC991CF-0045-4D9B-08D2-7CB47639D378}.Release|Any CPU.Build.0 = Release|Any CPU
	EndGlobalSection
	GlobalSection(SolutionProperties) = preSolution
		HideSolutionNode = FALSE
	EndGlobalSection
																																											GlobalSection(MonoDevelopProperties) = preSolution
		StartupItem = Assembly-CSharp.csproj
		Policies = $0
		$0.TextStylePolicy = $1
		$1.inheritsSet = null
		$1.scope = text/x-csharp
		$0.CSharpFormattingPolicy = $2
		$2.inheritsSet = Mono
		$2.inheritsScope = text/x-csharp
		$2.scope = text/x-csharp
		$0.TextStylePolicy = $3
		$3.FileWidth = 120
		$3.TabWidth = 4
		$3.EolMarker = Unix
		$3.inheritsSet = Mono
		$3.inheritsScope = text/plain
		$3.scope = text/plain
	EndGlobalSection

EndGlobal
